PODS:
  - Flutter (1.0.0)
  - system_proxy (0.0.1):
    - Flutter

DEPENDENCIES:
  - Flutter (from `Flutter`)
  - system_proxy (from `.symlinks/plugins/system_proxy/ios`)

EXTERNAL SOURCES:
  Flutter:
    :path: Flutter
  system_proxy:
    :path: ".symlinks/plugins/system_proxy/ios"

SPEC CHECKSUMS:
  Flutter: cabc95a1d2626b1b06e7179b784ebcf0c0cde467
  system_proxy: bec1a5c5af67dd3e3ebf43979400a8756c04cc44

PODFILE CHECKSUM: a89c003b2614a4571dff4fb0d78334a8b4743221

COCOAPODS: 1.16.2
