PODS:
  - Flutter (1.0.0)
  - system_proxy (0.0.1):
    - Flutter

DEPENDENCIES:
  - Flutter (from `Flutter`)
  - system_proxy (from `.symlinks/plugins/system_proxy/ios`)

EXTERNAL SOURCES:
  Flutter:
    :path: Flutter
  system_proxy:
    :path: ".symlinks/plugins/system_proxy/ios"

SPEC CHECKSUMS:
  Flutter: f04841e97a9d0b0a8025694d0796dd46242b2854
  system_proxy: bec1a5c5af67dd3e3ebf43979400a8756c04cc44

PODFILE CHECKSUM: b17e1ecfe97aba85f3997d462fe23d9e4313a8d8

COCOAPODS: 1.11.2
