PODS:
  - Flutter (1.0.0)
  - flutter_inappwebview_ios (0.0.1):
    - Flutter
    - flutter_inappwebview_ios/Core (= 0.0.1)
    - OrderedSet (~> 6.0.3)
  - flutter_inappwebview_ios/Core (0.0.1):
    - Flutter
    - OrderedSet (~> 6.0.3)
  - native_flutter_proxy (0.0.1):
    - Flutter
  - OrderedSet (6.0.3)

DEPENDENCIES:
  - Flutter (from `Flutter`)
  - flutter_inappwebview_ios (from `.symlinks/plugins/flutter_inappwebview_ios/ios`)
  - native_flutter_proxy (from `.symlinks/plugins/native_flutter_proxy/ios`)

SPEC REPOS:
  trunk:
    - OrderedSet

EXTERNAL SOURCES:
  Flutter:
    :path: Flutter
  flutter_inappwebview_ios:
    :path: ".symlinks/plugins/flutter_inappwebview_ios/ios"
  native_flutter_proxy:
    :path: ".symlinks/plugins/native_flutter_proxy/ios"

SPEC CHECKSUMS:
  Flutter: 71a624a5bc0c04062bf19101d501e466baf2fb47
  flutter_inappwebview_ios: 6f63631e2c62a7c350263b13fa5427aedefe81d4
  native_flutter_proxy: b9d0c309ee808c616837516af9ce5396f3b0ff0d
  OrderedSet: e539b66b644ff081c73a262d24ad552a69be3a94

PODFILE CHECKSUM: 4abbb86961d4f628b5806656210d09334aededcf

COCOAPODS: 1.17.0
